hash: c733fa4abeda21b59b001578b37a168bd33038d337b61198cc5fd94be8bfdf77
updated: 2018-01-13T18:22:28.620808+08:00
imports:
- name: github.com/boj/redistore
  version: 4562487a4bee9a7c272b72bfaeda4917d0a47ab9
- name: github.com/deepzz0/logd
  version: f91dd8c6316f0e156e93895a96739b67577b6a63
- name: github.com/eiblog/blackfriday
  version: c0ec111761ae784fe31cc076f2fa0e2d2216d623
- name: github.com/eiblog/utils
  version: e8f16268dae939f920ddc55f1c9e46a97a5e3559
  subpackages:
  - logd
  - mgo
  - tmpl
  - uuid
- name: github.com/garyburd/redigo
  version: d1ed5c67e5794de818ea85e6b522fda02623a484
  subpackages:
  - internal
  - redis
- name: github.com/gin-gonic/autotls
  version: 8ca25fbde72bb72a00466215b94b489c71fcb815
- name: github.com/gin-gonic/contrib
  version: 88aede40372d4bcb11e45168a8c30d99e44cf617
  subpackages:
  - sessions
- name: github.com/gin-gonic/gin
  version: e2212d40c62a98b388a5eb48ecbdcf88534688ba
  subpackages:
  - binding
  - render
- name: github.com/golang/protobuf
  version: 2402d76f3d41f928c7902a765dfc872356dd3aad
  subpackages:
  - proto
- name: github.com/gorilla/context
  version: 08b5f424b9271eedf6f9f0ce86cb9396ed337a42
- name: github.com/gorilla/securecookie
  version: e59506cc896acb7f7bf732d4fdf5e25f7ccd8983
- name: github.com/gorilla/sessions
  version: a3acf13e802c358d65f249324d14ed24aac11370
- name: github.com/manucorporat/sse
  version: ee05b128a739a0fb76c7ebd3ae4810c1de808d6d
- name: github.com/mattn/go-isatty
  version: 6ca4dbf54d38eea1a992b3c722a76a5d1c4cb25c
- name: github.com/qiniu/api.v7
  version: b7c7d6a2ce0aff8e5e7d14c39c3cde867efa1123
  subpackages:
  - auth/qbox
  - conf
  - storage
- name: github.com/qiniu/x
  version: f512abcf45ab4e2ba0fd4784c57b53d495997d66
  subpackages:
  - bytes.v7
  - bytes.v7/seekable
  - ctype.v7
  - rpc.v7
  - xlog.v7
- name: github.com/shurcooL/sanitized_anchor_name
  version: 86672fcb3f950f35f2e675df2240550f2a50762f
- name: golang.org/x/crypto
  version: 13931e22f9e72ea58bb73048bc752b48c6d4d4ac
  subpackages:
  - acme
  - acme/autocert
- name: golang.org/x/net
  version: f315505cf3349909cdf013ea56690da34e96a451
  subpackages:
  - context
- name: golang.org/x/sys
  version: 810d7000345868fc619eb81f46307107118f4ae1
  subpackages:
  - unix
- name: gopkg.in/go-playground/validator.v8
  version: c193cecd124b5cc722d7ee5538e945bdb3348435
- name: gopkg.in/mgo.v2
  version: 3f83fa5005286a7fe593b055f0d7771a7dce4655
  subpackages:
  - bson
  - internal/json
  - internal/sasl
  - internal/scram
- name: gopkg.in/yaml.v2
  version: d670f9405373e636a5a2765eea47fac0c9bc91a4
- name: qiniupkg.com/x
  version: 946c4a16076d6d98aeb78619e2bd4012357f7228
  subpackages:
  - bytes.v7
  - log.v7
  - reqid.v7
testImports:
- name: github.com/davecgh/go-spew
  version: 5215b55f46b2b919f50a1df0eaa5886afe4e3b3d
  subpackages:
  - spew
- name: github.com/pmezard/go-difflib
  version: 792786c7400a136282c1664665ae0a8db921c6c2
  subpackages:
  - difflib
- name: github.com/stretchr/testify
  version: 69483b4bd14f5845b5a1e55bca19e954e827f1d0
  subpackages:
  - assert
