hash: bd360fa297ed66950543990f9433cdcdf13c29dd99d9a01b49027e236b2cb9da
updated: 2017-03-11T00:26:32.776134316+08:00
imports:
- name: github.com/boj/redistore
  version: 3f631e1df8711f449f7b1796f5b8b7716e4319d0
- name: github.com/eiblog/blackfriday
  version: c0ec111761ae784fe31cc076f2fa0e2d2216d623
- name: github.com/eiblog/utils
  version: ad2f63940c4f16d0dbfc3f4df59e8cb7af0f80ec
  subpackages:
  - logd
  - mgo
  - tmpl
  - uuid
- name: github.com/garyburd/redigo
  version: 0d253a66e6e1349f4581d6d2b300ee434ee2da9f
  subpackages:
  - internal
  - redis
- name: github.com/gin-gonic/contrib
  version: ffa12cf90b52a4af3ae604f6452e61f8218a517c
  subpackages:
  - sessions
- name: github.com/gin-gonic/gin
  version: e2212d40c62a98b388a5eb48ecbdcf88534688ba
  subpackages:
  - binding
  - render
- name: github.com/golang/protobuf
  version: 2402d76f3d41f928c7902a765dfc872356dd3aad
  subpackages:
  - proto
- name: github.com/gorilla/context
  version: 08b5f424b9271eedf6f9f0ce86cb9396ed337a42
- name: github.com/gorilla/securecookie
  version: e59506cc896acb7f7bf732d4fdf5e25f7ccd8983
- name: github.com/gorilla/sessions
  version: ba78acc856fe7c79891d516131b3d903cc8d9367
- name: github.com/manucorporat/sse
  version: ee05b128a739a0fb76c7ebd3ae4810c1de808d6d
- name: github.com/mattn/go-isatty
  version: 57fdcb988a5c543893cc61bce354a6e24ab70022
- name: github.com/shurcooL/sanitized_anchor_name
  version: 1dba4b3954bc059efc3991ec364f9f9a35f597d2
- name: golang.org/x/net
  version: f315505cf3349909cdf013ea56690da34e96a451
  subpackages:
  - context
- name: golang.org/x/sys
  version: 99f16d856c9836c42d24e7ab64ea72916925fa97
  subpackages:
  - unix
- name: gopkg.in/go-playground/validator.v8
  version: c193cecd124b5cc722d7ee5538e945bdb3348435
- name: gopkg.in/mgo.v2
  version: 3f83fa5005286a7fe593b055f0d7771a7dce4655
  subpackages:
  - bson
  - internal/json
  - internal/sasl
  - internal/scram
- name: gopkg.in/yaml.v2
  version: a3f3340b5840cee44f372bddb5880fcbc419b46a
- name: qiniupkg.com/api.v7
  version: 427efe34a76257db04b3b785e3b4d2fdb44cf9b9
  subpackages:
  - api
  - auth/qbox
  - conf
  - kodo
  - kodocli
- name: qiniupkg.com/x
  version: f512abcf45ab4e2ba0fd4784c57b53d495997d66
  subpackages:
  - bytes.v7
  - bytes.v7/seekable
  - ctype.v7
  - log.v7
  - reqid.v7
  - rpc.v7
  - url.v7
  - xlog.v7
testImports: []
